
Microsoft Visual Studio Solution File, Format Version 12.00
# Visual Studio Version 16
VisualStudioVersion = 16.0.30611.23
MinimumVisualStudioVersion = 10.0.40219.1
Project("{9A19103F-16F7-4668-BE54-9A1E7A4F7556}") = "EmployNetTools", "EmployNetTools\EmployNetTools.csproj", "{9C3DD5D4-CBD8-4CE0-A484-744BEFC0FB7C}"
EndProject
Project("{9A19103F-16F7-4668-BE54-9A1E7A4F7556}") = "DataLayer", "DataLayer\DataLayer.csproj", "{B25AA658-5ED9-4E9A-AC29-04BF74FE1028}"
EndProject
Project("{FAE04EC0-301F-11D3-BF4B-00C04F79EFBC}") = "Microsoft.AspNet.Identity.Core", "..\AspNetIdentity\src\Microsoft.AspNet.Identity.Core\Microsoft.AspNet.Identity.Core.csproj", "{D2F24972-0F56-4C18-BD65-C26A320A0C68}"
EndProject
Project("{FAE04EC0-301F-11D3-BF4B-00C04F79EFBC}") = "EmployNet.Customer.Portal", "EmployNet.Customer.Portal\EmployNet.Customer.Portal.csproj", "{D34C55C9-6FC1-49F4-A35E-AB2B6DA32372}"
EndProject
Project("{9A19103F-16F7-4668-BE54-9A1E7A4F7556}") = "Core 3.1", "Core-3.1-master\Core 3.1\Core 3.1.csproj", "{7333374A-EC0B-4BBA-A42C-AA8526D283B5}"
EndProject
Global
	GlobalSection(SolutionConfigurationPlatforms) = preSolution
		Debug|Any CPU = Debug|Any CPU
		Release|Any CPU = Release|Any CPU
	EndGlobalSection
	GlobalSection(ProjectConfigurationPlatforms) = postSolution
		{9C3DD5D4-CBD8-4CE0-A484-744BEFC0FB7C}.Debug|Any CPU.ActiveCfg = Debug|Any CPU
		{9C3DD5D4-CBD8-4CE0-A484-744BEFC0FB7C}.Debug|Any CPU.Build.0 = Debug|Any CPU
		{9C3DD5D4-CBD8-4CE0-A484-744BEFC0FB7C}.Release|Any CPU.ActiveCfg = Release|Any CPU
		{9C3DD5D4-CBD8-4CE0-A484-744BEFC0FB7C}.Release|Any CPU.Build.0 = Release|Any CPU
		{B25AA658-5ED9-4E9A-AC29-04BF74FE1028}.Debug|Any CPU.ActiveCfg = Debug|Any CPU
		{B25AA658-5ED9-4E9A-AC29-04BF74FE1028}.Debug|Any CPU.Build.0 = Debug|Any CPU
		{B25AA658-5ED9-4E9A-AC29-04BF74FE1028}.Release|Any CPU.ActiveCfg = Release|Any CPU
		{B25AA658-5ED9-4E9A-AC29-04BF74FE1028}.Release|Any CPU.Build.0 = Release|Any CPU
		{D2F24972-0F56-4C18-BD65-C26A320A0C68}.Debug|Any CPU.ActiveCfg = Debug|Any CPU
		{D2F24972-0F56-4C18-BD65-C26A320A0C68}.Debug|Any CPU.Build.0 = Debug|Any CPU
		{D2F24972-0F56-4C18-BD65-C26A320A0C68}.Release|Any CPU.ActiveCfg = Release|Any CPU
		{D2F24972-0F56-4C18-BD65-C26A320A0C68}.Release|Any CPU.Build.0 = Release|Any CPU
		{D34C55C9-6FC1-49F4-A35E-AB2B6DA32372}.Debug|Any CPU.ActiveCfg = Debug|Any CPU
		{D34C55C9-6FC1-49F4-A35E-AB2B6DA32372}.Debug|Any CPU.Build.0 = Debug|Any CPU
		{D34C55C9-6FC1-49F4-A35E-AB2B6DA32372}.Release|Any CPU.ActiveCfg = Release|Any CPU
		{D34C55C9-6FC1-49F4-A35E-AB2B6DA32372}.Release|Any CPU.Build.0 = Release|Any CPU
		{7333374A-EC0B-4BBA-A42C-AA8526D283B5}.Debug|Any CPU.ActiveCfg = Debug|Any CPU
		{7333374A-EC0B-4BBA-A42C-AA8526D283B5}.Debug|Any CPU.Build.0 = Debug|Any CPU
		{7333374A-EC0B-4BBA-A42C-AA8526D283B5}.Release|Any CPU.ActiveCfg = Release|Any CPU
		{7333374A-EC0B-4BBA-A42C-AA8526D283B5}.Release|Any CPU.Build.0 = Release|Any CPU
	EndGlobalSection
	GlobalSection(SolutionProperties) = preSolution
		HideSolutionNode = FALSE
	EndGlobalSection
	GlobalSection(ExtensibilityGlobals) = postSolution
		SolutionGuid = {3C4714FE-E9C0-4F05-8986-B4BA6E0AC571}
	EndGlobalSection
EndGlobal
